{
  "name": "linknlink-pocketbase",
  "version": "1.0.0",
  "lockfileVersion": 3,
  "requires": true,
  "packages": {
    "": {
      "name": "linknlink-pocketbase",
      "version": "1.0.0",
      "license": "ISC",
      "dependencies": {
        "dotenv": "^17.2.3",
        "pocketbase": "^0.26.5"
      }
    },
    "node_modules/dotenv": {
      "version": "17.2.3",
      "resolved": "https://registry.npmjs.org/dotenv/-/dotenv-17.2.3.tgz",
      "integrity": "sha512-JVUnt+DUIzu87TABbhPmNfVdBDt18BLOWjMUFJMSi/Qqg7NTYtabbvSNJGOJ7afbRuv9D/lngizHtP7QyLQ+9w==",
      "license": "BSD-2-Clause",
      "engines": {
        "node": ">=12"
      },
      "funding": {
        "url": "https://dotenvx.com"
      }
    },
    "node_modules/pocketbase": {
      "version": "0.26.5",
      "resolved": "https://registry.npmjs.org/pocketbase/-/pocketbase-0.26.5.tgz",
      "integrity": "sha512-SXcq+sRvVpNxfLxPB1C+8eRatL7ZY4o3EVl/0OdE3MeR9fhPyZt0nmmxLqYmkLvXCN9qp3lXWV/0EUYb3MmMXQ==",
      "license": "MIT"
    }
  }
}
